%{
  "bunt": {:hex, :bunt, "1.0.0", "081c2c665f086849e6d57900292b3a161727ab40431219529f13c4ddcf3e7a44", [:mix], [], "hexpm", "dc5f86aa08a5f6fa6b8096f0735c4e76d54ae5c9fa2c143e5a1fc7c1cd9bb6b5"},
  "castore": {:hex, :castore, "1.0.6", "ffc42f110ebfdafab0ea159cd43d31365fa0af0ce4a02ecebf1707ae619ee727", [:mix], [], "hexpm", "374c6e7ca752296be3d6780a6d5b922854ffcc74123da90f2f328996b962d33a"},
  "credo": {:hex, :credo, "1.7.5", "643213503b1c766ec0496d828c90c424471ea54da77c8a168c725686377b9545", [:mix], [{:bunt, "~> 0.2.1 or ~> 1.0", [hex: :bunt, repo: "hexpm", optional: false]}, {:file_system, "~> 0.2 or ~> 1.0", [hex: :file_system, repo: "hexpm", optional: false]}, {:jason, "~> 1.0", [hex: :jason, repo: "hexpm", optional: false]}], "hexpm", "f799e9b5cd1891577d8c773d245668aa74a2fcd15eb277f51a0131690ebfb3fd"},
  "dialyxir": {:hex, :dialyxir, "1.4.3", "edd0124f358f0b9e95bfe53a9fcf806d615d8f838e2202a9f430d59566b6b53b", [:mix], [{:erlex, ">= 0.2.6", [hex: :erlex, repo: "hexpm", optional: false]}], "hexpm", "bf2cfb75cd5c5006bec30141b131663299c661a864ec7fbbc72dfa557487a986"},
  "earmark_parser": {:hex, :earmark_parser, "1.4.39", "424642f8335b05bb9eb611aa1564c148a8ee35c9c8a8bba6e129d51a3e3c6769", [:mix], [], "hexpm", "06553a88d1f1846da9ef066b87b57c6f605552cfbe40d20bd8d59cc6bde41944"},
  "erlex": {:hex, :erlex, "0.2.6", "c7987d15e899c7a2f34f5420d2a2ea0d659682c06ac607572df55a43753aa12e", [:mix], [], "hexpm", "2ed2e25711feb44d52b17d2780eabf998452f6efda104877a3881c2f8c0c0c75"},
  "ethereumex": {:hex, :ethereumex, "0.10.6", "6d75cac39b5b7a720b064fe48563f205d3d9784e5bde25f983dd07cf306c2a6d", [:make, :mix], [{:finch, "~> 0.16", [hex: :finch, repo: "hexpm", optional: false]}, {:jason, "~> 1.4", [hex: :jason, repo: "hexpm", optional: false]}, {:poolboy, "~> 1.5", [hex: :poolboy, repo: "hexpm", optional: false]}, {:telemetry, "~> 0.4 or ~> 1.0", [hex: :telemetry, repo: "hexpm", optional: false]}], "hexpm", "58cf926239dabf8bd1fc6cf50a37b926274240b7f58ba5b235a20b5500a9a7e1"},
  "ex_abi": {:hex, :ex_abi, "0.7.1", "8136d8363653418442848009ed5d31312161781326d867e77467608b2d5ff2c9", [:mix], [{:ex_keccak, "~> 0.7.3", [hex: :ex_keccak, repo: "hexpm", optional: false]}, {:jason, "~> 1.4", [hex: :jason, repo: "hexpm", optional: false]}], "hexpm", "41ad2de3f62b6e79f7e865c7ab03f58e0d44435325ff15e345a986e0387a2a04"},
  "ex_doc": {:hex, :ex_doc, "0.31.2", "8b06d0a5ac69e1a54df35519c951f1f44a7b7ca9a5bb7a260cd8a174d6322ece", [:mix], [{:earmark_parser, "~> 1.4.39", [hex: :earmark_parser, repo: "hexpm", optional: false]}, {:makeup_c, ">= 0.1.1", [hex: :makeup_c, repo: "hexpm", optional: true]}, {:makeup_elixir, "~> 0.14", [hex: :makeup_elixir, repo: "hexpm", optional: false]}, {:makeup_erlang, "~> 0.1", [hex: :makeup_erlang, repo: "hexpm", optional: false]}], "hexpm", "317346c14febaba9ca40fd97b5b5919f7751fb85d399cc8e7e8872049f37e0af"},
  "ex_keccak": {:hex, :ex_keccak, "0.7.4", "da77773442dc9649c87f0ad06b8d6741a355896d48a17373e449bdd6b8aa5cdd", [:mix], [{:rustler, ">= 0.0.0", [hex: :rustler, repo: "hexpm", optional: true]}, {:rustler_precompiled, "~> 0.7", [hex: :rustler_precompiled, repo: "hexpm", optional: false]}], "hexpm", "d6cdc1618dc0e5bc6a444b1b9d54dee0d4a3fb4635b3a53e3dc4841d34177814"},
  "ex_rlp": {:hex, :ex_rlp, "0.6.0", "985391d2356a7cb8712a4a9a2deb93f19f2fbca0323f5c1203fcaf64d077e31e", [:mix], [], "hexpm", "7135db93b861d9e76821039b60b00a6a22d2c4e751bf8c444bffe7a042f1abaf"},
  "ex_secp256k1": {:hex, :ex_secp256k1, "0.7.2", "33398c172813b90fab9ab75c12b98d16cfab472c6dcbde832b13c45ce1c01947", [:mix], [{:rustler, ">= 0.0.0", [hex: :rustler, repo: "hexpm", optional: true]}, {:rustler_precompiled, "~> 0.6", [hex: :rustler_precompiled, repo: "hexpm", optional: false]}], "hexpm", "f3b1bf56e6992e28b9d86e3bf741a4aca3e641052eb47d13ae4f5f4d4944bdaf"},
  "excoveralls": {:hex, :excoveralls, "0.18.0", "b92497e69465dc51bc37a6422226ee690ab437e4c06877e836f1c18daeb35da9", [:mix], [{:castore, "~> 1.0", [hex: :castore, repo: "hexpm", optional: true]}, {:jason, "~> 1.0", [hex: :jason, repo: "hexpm", optional: false]}], "hexpm", "1109bb911f3cb583401760be49c02cbbd16aed66ea9509fc5479335d284da60b"},
  "file_system": {:hex, :file_system, "1.0.0", "b689cc7dcee665f774de94b5a832e578bd7963c8e637ef940cd44327db7de2cd", [:mix], [], "hexpm", "6752092d66aec5a10e662aefeed8ddb9531d79db0bc145bb8c40325ca1d8536d"},
  "finch": {:hex, :finch, "0.16.0", "40733f02c89f94a112518071c0a91fe86069560f5dbdb39f9150042f44dcfb1a", [:mix], [{:castore, "~> 0.1 or ~> 1.0", [hex: :castore, repo: "hexpm", optional: false]}, {:mime, "~> 1.0 or ~> 2.0", [hex: :mime, repo: "hexpm", optional: false]}, {:mint, "~> 1.3", [hex: :mint, repo: "hexpm", optional: false]}, {:nimble_options, "~> 0.4 or ~> 1.0", [hex: :nimble_options, repo: "hexpm", optional: false]}, {:nimble_pool, "~> 0.2.6 or ~> 1.0", [hex: :nimble_pool, repo: "hexpm", optional: false]}, {:telemetry, "~> 0.4 or ~> 1.0", [hex: :telemetry, repo: "hexpm", optional: false]}], "hexpm", "f660174c4d519e5fec629016054d60edd822cdfe2b7270836739ac2f97735ec5"},
  "hpax": {:hex, :hpax, "0.1.2", "09a75600d9d8bbd064cdd741f21fc06fc1f4cf3d0fcc335e5aa19be1a7235c84", [:mix], [], "hexpm", "2c87843d5a23f5f16748ebe77969880e29809580efdaccd615cd3bed628a8c13"},
  "idna": {:hex, :idna, "6.1.1", "8a63070e9f7d0c62eb9d9fcb360a7de382448200fbbd1b106cc96d3d8099df8d", [:rebar3], [{:unicode_util_compat, "~> 0.7.0", [hex: :unicode_util_compat, repo: "hexpm", optional: false]}], "hexpm", "92376eb7894412ed19ac475e4a86f7b413c1b9fbb5bd16dccd57934157944cea"},
  "jason": {:hex, :jason, "1.4.1", "af1504e35f629ddcdd6addb3513c3853991f694921b1b9368b0bd32beb9f1b63", [:mix], [{:decimal, "~> 1.0 or ~> 2.0", [hex: :decimal, repo: "hexpm", optional: true]}], "hexpm", "fbb01ecdfd565b56261302f7e1fcc27c4fb8f32d56eab74db621fc154604a7a1"},
  "makeup": {:hex, :makeup, "1.1.1", "fa0bc768698053b2b3869fa8a62616501ff9d11a562f3ce39580d60860c3a55e", [:mix], [{:nimble_parsec, "~> 1.2.2 or ~> 1.3", [hex: :nimble_parsec, repo: "hexpm", optional: false]}], "hexpm", "5dc62fbdd0de44de194898b6710692490be74baa02d9d108bc29f007783b0b48"},
  "makeup_elixir": {:hex, :makeup_elixir, "0.16.2", "627e84b8e8bf22e60a2579dad15067c755531fea049ae26ef1020cad58fe9578", [:mix], [{:makeup, "~> 1.0", [hex: :makeup, repo: "hexpm", optional: false]}, {:nimble_parsec, "~> 1.2.3 or ~> 1.3", [hex: :nimble_parsec, repo: "hexpm", optional: false]}], "hexpm", "41193978704763f6bbe6cc2758b84909e62984c7752b3784bd3c218bb341706b"},
  "makeup_erlang": {:hex, :makeup_erlang, "0.1.5", "e0ff5a7c708dda34311f7522a8758e23bfcd7d8d8068dc312b5eb41c6fd76eba", [:mix], [{:makeup, "~> 1.0", [hex: :makeup, repo: "hexpm", optional: false]}], "hexpm", "94d2e986428585a21516d7d7149781480013c56e30c6a233534bedf38867a59a"},
  "mime": {:hex, :mime, "2.0.5", "dc34c8efd439abe6ae0343edbb8556f4d63f178594894720607772a041b04b02", [:mix], [], "hexpm", "da0d64a365c45bc9935cc5c8a7fc5e49a0e0f9932a761c55d6c52b142780a05c"},
  "mint": {:hex, :mint, "1.5.2", "4805e059f96028948870d23d7783613b7e6b0e2fb4e98d720383852a760067fd", [:mix], [{:castore, "~> 0.1.0 or ~> 1.0", [hex: :castore, repo: "hexpm", optional: true]}, {:hpax, "~> 0.1.1", [hex: :hpax, repo: "hexpm", optional: false]}], "hexpm", "d77d9e9ce4eb35941907f1d3df38d8f750c357865353e21d335bdcdf6d892a02"},
  "nimble_options": {:hex, :nimble_options, "1.1.0", "3b31a57ede9cb1502071fade751ab0c7b8dbe75a9a4c2b5bbb0943a690b63172", [:mix], [], "hexpm", "8bbbb3941af3ca9acc7835f5655ea062111c9c27bcac53e004460dfd19008a99"},
  "nimble_parsec": {:hex, :nimble_parsec, "1.4.0", "51f9b613ea62cfa97b25ccc2c1b4216e81df970acd8e16e8d1bdc58fef21370d", [:mix], [], "hexpm", "9c565862810fb383e9838c1dd2d7d2c437b3d13b267414ba6af33e50d2d1cf28"},
  "nimble_pool": {:hex, :nimble_pool, "1.0.0", "5eb82705d138f4dd4423f69ceb19ac667b3b492ae570c9f5c900bb3d2f50a847", [:mix], [], "hexpm", "80be3b882d2d351882256087078e1b1952a28bf98d0a287be87e4a24a710b67a"},
  "poolboy": {:hex, :poolboy, "1.5.2", "392b007a1693a64540cead79830443abf5762f5d30cf50bc95cb2c1aaafa006b", [:rebar3], [], "hexpm", "dad79704ce5440f3d5a3681c8590b9dc25d1a561e8f5a9c995281012860901e3"},
  "rustler": {:hex, :rustler, "0.26.0", "06a2773d453ee3e9109efda643cf2ae633dedea709e2455ac42b83637c9249bf", [:mix], [{:jason, "~> 1.0", [hex: :jason, repo: "hexpm", optional: false]}, {:toml, "~> 0.6", [hex: :toml, repo: "hexpm", optional: false]}], "hexpm", "42961e9d2083d004d5a53e111ad1f0c347efd9a05cb2eb2ffa1d037cdc74db91"},
  "rustler_precompiled": {:hex, :rustler_precompiled, "0.7.1", "ecadf02cc59a0eccbaed6c1937303a5827fbcf60010c541595e6d3747d3d0f9f", [:mix], [{:castore, "~> 0.1 or ~> 1.0", [hex: :castore, repo: "hexpm", optional: false]}, {:rustler, "~> 0.23", [hex: :rustler, repo: "hexpm", optional: true]}], "hexpm", "b9e4657b99a1483ea31502e1d58c464bedebe9028808eda45c3a429af4550c66"},
  "telemetry": {:hex, :telemetry, "1.2.1", "68fdfe8d8f05a8428483a97d7aab2f268aaff24b49e0f599faa091f1d4e7f61c", [:rebar3], [], "hexpm", "dad9ce9d8effc621708f99eac538ef1cbe05d6a874dd741de2e689c47feafed5"},
  "toml": {:hex, :toml, "0.6.2", "38f445df384a17e5d382befe30e3489112a48d3ba4c459e543f748c2f25dd4d1", [:mix], [], "hexpm", "d013e45126d74c0c26a38d31f5e8e9b83ea19fc752470feb9a86071ca5a672fa"},
  "unicode_util_compat": {:hex, :unicode_util_compat, "0.7.0", "bc84380c9ab48177092f43ac89e4dfa2c6d62b40b8bd132b1059ecc7232f9a78", [:rebar3], [], "hexpm", "25eee6d67df61960cf6a794239566599b09e17e668d3700247bc498638152521"},
}
